schema: '2.0'
stages:
  data_ingestion:
    cmd: python src/cnnClassifier/pipeline/stage_01_data_ingestion.py
    deps:
    - path: config/config.yaml
      hash: md5
      md5: 703132ead9ea113da797c0595e30049b
      size: 580
    - path: src/cnnClassifier/pipeline/stage_01_data_ingestion.py
      hash: md5
      md5: 163b1de31ec5cdbe611362260346a64b
      size: 875
    outs:
    - path: artifacts/data_ingestion/covid_dataset
      hash: md5
      md5: 46f5005f0f2ce54c42996557c65dbc78.dir
      size: 1215008497
      nfiles: 29998
  prepare_base_model:
    cmd: python src/cnnClassifier/pipeline/stage_02_prepare_base_model.py
    deps:
    - path: config/config.yaml
      hash: md5
      md5: 703132ead9ea113da797c0595e30049b
      size: 580
    - path: src/cnnClassifier/pipeline/stage_02_prepare_base_model.py
      hash: md5
      md5: e8e39a301f4b90d1b4f2c86acc66ef32
      size: 999
    params:
      params.yaml:
        CLASSES: 4
        IMAGE_SIZE:
        - 224
        - 224
        - 3
        INCLUDE_TOP: false
        LEARNING_RATE: 0.01
        WEIGHTS: imagenet
    outs:
    - path: artifacts/prepare_base_model
      hash: md5
      md5: 6c077581dff00abeb6784ec131a5db06.dir
      size: 118255264
      nfiles: 2
